# This file was autogenerated by Stack.
# You should not edit this file by hand.
# For more information, please see the documentation at:
#   https://docs.haskellstack.org/en/stable/lock_files

packages:
- completed:
    hackage: hakyll-4.14.1.0@sha256:3afc2e60d14388792dfaf3592d489e21fd48a0abd47f0dbfbf9ab7ec25e582cd,9290
    pantry-tree:
      size: 8490
      sha256: f5242fdbfbed08b7374055b5236dfff8220a964563e3268eadd8a0c7b1cb5d8a
  original:
    hackage: hakyll-4.14.1.0
snapshots:
- completed:
    size: 581696
    url: https://raw.githubusercontent.com/commercialhaskell/stackage-snapshots/master/nightly/2021/9/18.yaml
    sha256: f5184f7aaede1ce0aa29ec8be072f916c3c1b1ba95772cc55cb6e1787fa0ef51
  original:
    url: https://raw.githubusercontent.com/commercialhaskell/stackage-snapshots/master/nightly/2021/9/18.yaml
